<?xml version="1.0" encoding="utf-8"?>
<Project ToolsVersion="4.0" xmlns="http://schemas.microsoft.com/developer/msbuild/2003">
  <ItemGroup>
    <Filter Include="Source Files">
      <UniqueIdentifier>{4FC737F1-C7A5-4376-A066-2A32D752A2FF}</UniqueIdentifier>
      <Extensions>cpp;c;cc;cxx;def;odl;idl;hpj;bat;asm;asmx</Extensions>
    </Filter>
    <Filter Include="Header Files">
      <UniqueIdentifier>{93995380-89BD-4b04-88EB-625FBE52EBFB}</UniqueIdentifier>
      <Extensions>h;hh;hpp;hxx;hm;inl;inc;xsd</Extensions>
    </Filter>
    <Filter Include="Resource Files">
      <UniqueIdentifier>{D9D6E242-F8AF-46E4-B9FD-80ECBC20BA3E}</UniqueIdentifier>
      <Extensions>qrc;*</Extensions>
      <ParseFiles>false</ParseFiles>
    </Filter>
    <Filter Include="Form Files">
      <UniqueIdentifier>{99349809-55BA-4b9d-BF79-8FDBB0286EB3}</UniqueIdentifier>
      <Extensions>ui</Extensions>
    </Filter>
    <Filter Include="Resource Files">
      <UniqueIdentifier>{D9D6E242-F8AF-46E4-B9FD-80ECBC20BA3E}</UniqueIdentifier>
      <Extensions>qrc;*</Extensions>
      <ParseFiles>false</ParseFiles>
    </Filter>
    <Filter Include="Generated Files">
      <UniqueIdentifier>{71ED8ED8-ACB9-4CE9-BBE1-E00B30144E11}</UniqueIdentifier>
      <Extensions>moc;h;cpp</Extensions>
      <SourceControlFiles>False</SourceControlFiles>
    </Filter>
    <Filter Include="Generated Files\Debug">
      <UniqueIdentifier>{86365f81-2a4b-4bc7-b40f-af648eab41d2}</UniqueIdentifier>
      <Extensions>cpp;moc</Extensions>
      <SourceControlFiles>False</SourceControlFiles>
    </Filter>
    <Filter Include="Generated Files\Release">
      <UniqueIdentifier>{9f26b194-1ba4-411a-93f3-30eb8ca50ad9}</UniqueIdentifier>
      <Extensions>cpp;moc</Extensions>
      <SourceControlFiles>False</SourceControlFiles>
    </Filter>
  </ItemGroup>
  <ItemGroup>
    <ClCompile Include="main.cpp">
      <Filter>Source Files</Filter>
    </ClCompile>
    <ClCompile Include="UrhoEditor.cpp">
      <Filter>Source Files</Filter>
    </ClCompile>
    <ClCompile Include="GeneratedFiles\Debug\moc_UrhoEditor.cpp">
      <Filter>Generated Files\Debug</Filter>
    </ClCompile>
    <ClCompile Include="GeneratedFiles\Release\moc_UrhoEditor.cpp">
      <Filter>Generated Files\Release</Filter>
    </ClCompile>
    <ClCompile Include="GeneratedFiles\qrc_UrhoEditor.cpp">
      <Filter>Generated Files</Filter>
    </ClCompile>
    <ClCompile Include="GlobalAccess.cpp">
      <Filter>Source Files</Filter>
    </ClCompile>
    <ClCompile Include="QtHelpers.cpp">
      <Filter>Source Files</Filter>
    </ClCompile>
    <ClCompile Include="SprueApplication.cpp">
      <Filter>Source Files</Filter>
    </ClCompile>
    <ClCompile Include="UrhoHelpers.cpp">
      <Filter>Source Files</Filter>
    </ClCompile>
    <ClCompile Include="Views\Controllers\ControlPointPickerController.cpp">
      <Filter>Source Files</Filter>
    </ClCompile>
    <ClCompile Include="Views\Controllers\FlyController.cpp">
      <Filter>Source Files</Filter>
    </ClCompile>
    <ClCompile Include="Views\Controllers\GizmoController.cpp">
      <Filter>Source Files</Filter>
    </ClCompile>
    <ClCompile Include="Views\Controllers\OrbitController.cpp">
      <Filter>Source Files</Filter>
    </ClCompile>
    <ClCompile Include="Views\Controllers\PanZoomController.cpp">
      <Filter>Source Files</Filter>
    </ClCompile>
    <ClCompile Include="Views\Controllers\UrhoRaySelectController.cpp">
      <Filter>Source Files</Filter>
    </ClCompile>
    <ClCompile Include="Views\Controllers\UVEditController.cpp">
      <Filter>Source Files</Filter>
    </ClCompile>
    <ClCompile Include="Views\Urho\UrhoGizmo.cpp">
      <Filter>Source Files</Filter>
    </ClCompile>
    <ClCompile Include="Views\Gizmo.cpp">
      <Filter>Source Files</Filter>
    </ClCompile>
    <ClCompile Include="Views\InputRecorder.cpp">
      <Filter>Source Files</Filter>
    </ClCompile>
    <ClCompile Include="Views\MultiGizmo.cpp">
      <Filter>Source Files</Filter>
    </ClCompile>
    <ClCompile Include="Views\MultiViewController.cpp">
      <Filter>Source Files</Filter>
    </ClCompile>
    <ClCompile Include="Views\ofxManipulator.cpp">
      <Filter>Source Files</Filter>
    </ClCompile>
    <ClCompile Include="Views\OrthographicView.cpp">
      <Filter>Source Files</Filter>
    </ClCompile>
    <ClCompile Include="Views\PerspectiveView.cpp">
      <Filter>Source Files</Filter>
    </ClCompile>
    <ClCompile Include="Views\RenderWidget.cpp">
      <Filter>Source Files</Filter>
    </ClCompile>
    <ClCompile Include="GeneratedFiles\Debug\moc_RenderWidget.cpp">
      <Filter>Generated Files\Debug</Filter>
    </ClCompile>
    <ClCompile Include="GeneratedFiles\Release\moc_RenderWidget.cpp">
      <Filter>Generated Files\Release</Filter>
    </ClCompile>
    <ClCompile Include="Views\ViewBase.cpp">
      <Filter>Source Files</Filter>
    </ClCompile>
    <ClCompile Include="Views\ViewManager.cpp">
      <Filter>Source Files</Filter>
    </ClCompile>
    <ClCompile Include="GeneratedFiles\Debug\moc_ViewManager.cpp">
      <Filter>Generated Files\Debug</Filter>
    </ClCompile>
    <ClCompile Include="GeneratedFiles\Release\moc_ViewManager.cpp">
      <Filter>Generated Files\Release</Filter>
    </ClCompile>
    <ClCompile Include="Views\ViewUtility.cpp">
      <Filter>Source Files</Filter>
    </ClCompile>
    <ClCompile Include="Localization\LocalizedWidgets.cpp">
      <Filter>Source Files</Filter>
    </ClCompile>
    <ClCompile Include="GeneratedFiles\Debug\moc_LocalizedWidgets.cpp">
      <Filter>Generated Files\Debug</Filter>
    </ClCompile>
    <ClCompile Include="GeneratedFiles\Release\moc_LocalizedWidgets.cpp">
      <Filter>Generated Files\Release</Filter>
    </ClCompile>
    <ClCompile Include="GuiBuilder\AppMenuPages\MainAppPages.cpp">
      <Filter>Source Files</Filter>
    </ClCompile>
    <ClCompile Include="GuiBuilder\Docks\SharedDockBuilder.cpp">
      <Filter>Source Files</Filter>
    </ClCompile>
    <ClCompile Include="GuiBuilder\Menus\Urho\UrhoMainMenus.cpp">
      <Filter>Source Files</Filter>
    </ClCompile>
    <ClCompile Include="GuiBuilder\Menus\Urho\UrhoSelectionModeMenu.cpp">
      <Filter>Source Files</Filter>
    </ClCompile>
    <ClCompile Include="GuiBuilder\Menus\Urho\UrhoSpecialActionMenu.cpp">
      <Filter>Source Files</Filter>
    </ClCompile>
    <ClCompile Include="GuiBuilder\Menus\CoreMenuBuilder.cpp">
      <Filter>Source Files</Filter>
    </ClCompile>
    <ClCompile Include="GuiBuilder\Menus\EditMenuBuilder.cpp">
      <Filter>Source Files</Filter>
    </ClCompile>
    <ClCompile Include="GuiBuilder\Menus\LayoutMenuBuilder.cpp">
      <Filter>Source Files</Filter>
    </ClCompile>
    <ClCompile Include="GuiBuilder\Menus\ViewMenuBuilder.cpp">
      <Filter>Source Files</Filter>
    </ClCompile>
    <ClCompile Include="GuiBuilder\Menus\ViewportMenuBuilder.cpp">
      <Filter>Source Files</Filter>
    </ClCompile>
    <ClCompile Include="GuiBuilder\Ribbons\CoreGUIRibbonBuilder.cpp">
      <Filter>Source Files</Filter>
    </ClCompile>
    <ClCompile Include="GeneratedFiles\Debug\moc_RibbonDocumentPage.cpp">
      <Filter>Generated Files\Debug</Filter>
    </ClCompile>
    <ClCompile Include="GeneratedFiles\Release\moc_RibbonDocumentPage.cpp">
      <Filter>Generated Files\Release</Filter>
    </ClCompile>
    <ClCompile Include="GeneratedFiles\Debug\moc_RibbonNoDocumentPage.cpp">
      <Filter>Generated Files\Debug</Filter>
    </ClCompile>
    <ClCompile Include="GeneratedFiles\Release\moc_RibbonNoDocumentPage.cpp">
      <Filter>Generated Files\Release</Filter>
    </ClCompile>
    <ClCompile Include="GuiBuilder\BaseApplicationMenu.cpp">
      <Filter>Source Files</Filter>
    </ClCompile>
    <ClCompile Include="GeneratedFiles\Debug\moc_BaseApplicationMenu.cpp">
      <Filter>Generated Files\Debug</Filter>
    </ClCompile>
    <ClCompile Include="GeneratedFiles\Release\moc_BaseApplicationMenu.cpp">
      <Filter>Generated Files\Release</Filter>
    </ClCompile>
    <ClCompile Include="GuiBuilder\DocumentSearchResult.cpp">
      <Filter>Source Files</Filter>
    </ClCompile>
    <ClCompile Include="GeneratedFiles\Debug\moc_GuiBuilder.cpp">
      <Filter>Generated Files\Debug</Filter>
    </ClCompile>
    <ClCompile Include="GeneratedFiles\Release\moc_GuiBuilder.cpp">
      <Filter>Generated Files\Release</Filter>
    </ClCompile>
    <ClCompile Include="Documents\Urho\Controls\UrhoBaseTypeEditor.cpp">
      <Filter>Source Files</Filter>
    </ClCompile>
    <ClCompile Include="GeneratedFiles\Debug\moc_UrhoBaseTypeEditor.cpp">
      <Filter>Generated Files\Debug</Filter>
    </ClCompile>
    <ClCompile Include="GeneratedFiles\Release\moc_UrhoBaseTypeEditor.cpp">
      <Filter>Generated Files\Release</Filter>
    </ClCompile>
    <ClCompile Include="Documents\Urho\Controls\UrhoCollectionEditor.cpp">
      <Filter>Source Files</Filter>
    </ClCompile>
    <ClCompile Include="GeneratedFiles\Debug\moc_UrhoCollectionEditor.cpp">
      <Filter>Generated Files\Debug</Filter>
    </ClCompile>
    <ClCompile Include="GeneratedFiles\Release\moc_UrhoCollectionEditor.cpp">
      <Filter>Generated Files\Release</Filter>
    </ClCompile>
    <ClCompile Include="Documents\Urho\Controls\UrhoColorEditors.cpp">
      <Filter>Source Files</Filter>
    </ClCompile>
    <ClCompile Include="GeneratedFiles\Debug\moc_UrhoColorEditors.cpp">
      <Filter>Generated Files\Debug</Filter>
    </ClCompile>
    <ClCompile Include="GeneratedFiles\Release\moc_UrhoColorEditors.cpp">
      <Filter>Generated Files\Release</Filter>
    </ClCompile>
    <ClCompile Include="Documents\Urho\Controls\UrhoMatrixEditors.cpp">
      <Filter>Source Files</Filter>
    </ClCompile>
    <ClCompile Include="GeneratedFiles\Debug\moc_UrhoMatrixEditors.cpp">
      <Filter>Generated Files\Debug</Filter>
    </ClCompile>
    <ClCompile Include="GeneratedFiles\Release\moc_UrhoMatrixEditors.cpp">
      <Filter>Generated Files\Release</Filter>
    </ClCompile>
    <ClCompile Include="Documents\Urho\Controls\UrhoObjectSpawner.cpp">
      <Filter>Source Files</Filter>
    </ClCompile>
    <ClCompile Include="Documents\Urho\Controls\UrhoObjectTree.cpp">
      <Filter>Source Files</Filter>
    </ClCompile>
    <ClCompile Include="GeneratedFiles\Debug\moc_UrhoObjectTree.cpp">
      <Filter>Generated Files\Debug</Filter>
    </ClCompile>
    <ClCompile Include="GeneratedFiles\Release\moc_UrhoObjectTree.cpp">
      <Filter>Generated Files\Release</Filter>
    </ClCompile>
    <ClCompile Include="Documents\Urho\Controls\UrhoPrimitiveEditors.cpp">
      <Filter>Source Files</Filter>
    </ClCompile>
    <ClCompile Include="GeneratedFiles\Debug\moc_UrhoPrimitiveEditors.cpp">
      <Filter>Generated Files\Debug</Filter>
    </ClCompile>
    <ClCompile Include="GeneratedFiles\Release\moc_UrhoPrimitiveEditors.cpp">
      <Filter>Generated Files\Release</Filter>
    </ClCompile>
    <ClCompile Include="Documents\Urho\Controls\UrhoPropertyPage.cpp">
      <Filter>Source Files</Filter>
    </ClCompile>
    <ClCompile Include="Documents\Urho\Controls\UrhoResourceEditors.cpp">
      <Filter>Source Files</Filter>
    </ClCompile>
    <ClCompile Include="GeneratedFiles\Debug\moc_UrhoResourceEditors.cpp">
      <Filter>Generated Files\Debug</Filter>
    </ClCompile>
    <ClCompile Include="GeneratedFiles\Release\moc_UrhoResourceEditors.cpp">
      <Filter>Generated Files\Release</Filter>
    </ClCompile>
    <ClCompile Include="Documents\Urho\Controls\UrhoSelectionMask.cpp">
      <Filter>Source Files</Filter>
    </ClCompile>
    <ClCompile Include="Documents\Urho\Controls\UrhoSpecialEditors.cpp">
      <Filter>Source Files</Filter>
    </ClCompile>
    <ClCompile Include="GeneratedFiles\Debug\moc_UrhoSpecialEditors.cpp">
      <Filter>Generated Files\Debug</Filter>
    </ClCompile>
    <ClCompile Include="GeneratedFiles\Release\moc_UrhoSpecialEditors.cpp">
      <Filter>Generated Files\Release</Filter>
    </ClCompile>
    <ClCompile Include="Documents\Urho\Controls\UrhoVectorEditors.cpp">
      <Filter>Source Files</Filter>
    </ClCompile>
    <ClCompile Include="GeneratedFiles\Debug\moc_UrhoVectorEditors.cpp">
      <Filter>Generated Files\Debug</Filter>
    </ClCompile>
    <ClCompile Include="GeneratedFiles\Release\moc_UrhoVectorEditors.cpp">
      <Filter>Generated Files\Release</Filter>
    </ClCompile>
    <ClCompile Include="Documents\Urho\Dialogs\LightmapGenerationDlg.cpp">
      <Filter>Source Files</Filter>
    </ClCompile>
    <ClCompile Include="GeneratedFiles\Debug\moc_LightmapGenerationDlg.cpp">
      <Filter>Generated Files\Debug</Filter>
    </ClCompile>
    <ClCompile Include="GeneratedFiles\Release\moc_LightmapGenerationDlg.cpp">
      <Filter>Generated Files\Release</Filter>
    </ClCompile>
    <ClCompile Include="Documents\Urho\Dialogs\UrhoCubemapRenderDlg.cpp">
      <Filter>Source Files</Filter>
    </ClCompile>
    <ClCompile Include="Documents\Urho\Dialogs\UrhoExportDlg.cpp">
      <Filter>Source Files</Filter>
    </ClCompile>
    <ClCompile Include="Documents\Urho\Dialogs\UrhoScriptDlg.cpp">
      <Filter>Source Files</Filter>
    </ClCompile>
    <ClCompile Include="Documents\Urho\UrhoDockBuilder.cpp">
      <Filter>Source Files</Filter>
    </ClCompile>
    <ClCompile Include="Documents\Urho\UrhoHomeRibbonBuilder.cpp">
      <Filter>Source Files</Filter>
    </ClCompile>
    <ClCompile Include="Documents\Urho\UrhoMaterialDocument.cpp">
      <Filter>Source Files</Filter>
    </ClCompile>
    <ClCompile Include="Documents\Urho\UrhoParticleEffectDocument.cpp">
      <Filter>Source Files</Filter>
    </ClCompile>
    <ClCompile Include="Documents\Urho\UrhoSceneDocument.cpp">
      <Filter>Source Files</Filter>
    </ClCompile>
    <ClCompile Include="Documents\Urho\UrhoSceneView.cpp">
      <Filter>Source Files</Filter>
    </ClCompile>
    <ClCompile Include="Dialogs\PathFixupDialog.cpp">
      <Filter>Source Files</Filter>
    </ClCompile>
    <ClCompile Include="GeneratedFiles\Debug\moc_PathFixupDialog.cpp">
      <Filter>Generated Files\Debug</Filter>
    </ClCompile>
    <ClCompile Include="GeneratedFiles\Release\moc_PathFixupDialog.cpp">
      <Filter>Generated Files\Release</Filter>
    </ClCompile>
    <ClCompile Include="Dialogs\SaveImageDialog.cpp">
      <Filter>Source Files</Filter>
    </ClCompile>
    <ClCompile Include="Data\UrhoDataSources.cpp">
      <Filter>Source Files</Filter>
    </ClCompile>
    <ClCompile Include="Applications\UrhoEditorApplication.cpp">
      <Filter>Source Files</Filter>
    </ClCompile>
    <ClCompile Include="Commands\Urho\UrhoPropertyCmd.cpp">
      <Filter>Source Files</Filter>
    </ClCompile>
    <ClCompile Include="Commands\Urho\UrhoSceneCmds.cpp">
      <Filter>Source Files</Filter>
    </ClCompile>
    <ClCompile Include="Controls\Properties\Urho\UrhoPropertyHandlerImpl.cpp">
      <Filter>Source Files</Filter>
    </ClCompile>
    <ClCompile Include="Controls\Properties\BasePropertyEditor.cpp">
      <Filter>Source Files</Filter>
    </ClCompile>
    <ClCompile Include="GeneratedFiles\Debug\moc_BasePropertyEditor.cpp">
      <Filter>Generated Files\Debug</Filter>
    </ClCompile>
    <ClCompile Include="GeneratedFiles\Release\moc_BasePropertyEditor.cpp">
      <Filter>Generated Files\Release</Filter>
    </ClCompile>
    <ClCompile Include="Controls\Properties\ColorPropertyEditors.cpp">
      <Filter>Source Files</Filter>
    </ClCompile>
    <ClCompile Include="GeneratedFiles\Debug\moc_ColorPropertyEditors.cpp">
      <Filter>Generated Files\Debug</Filter>
    </ClCompile>
    <ClCompile Include="GeneratedFiles\Release\moc_ColorPropertyEditors.cpp">
      <Filter>Generated Files\Release</Filter>
    </ClCompile>
    <ClCompile Include="Controls\Properties\PropertyEnumerator.cpp">
      <Filter>Source Files</Filter>
    </ClCompile>
    <ClCompile Include="Controls\Properties\PropertyPageV2.cpp">
      <Filter>Source Files</Filter>
    </ClCompile>
    <ClCompile Include="Controls\Properties\VectorPropertyEditors.cpp">
      <Filter>Source Files</Filter>
    </ClCompile>
    <ClCompile Include="GeneratedFiles\Debug\moc_VectorPropertyEditors.cpp">
      <Filter>Generated Files\Debug</Filter>
    </ClCompile>
    <ClCompile Include="GeneratedFiles\Release\moc_VectorPropertyEditors.cpp">
      <Filter>Generated Files\Release</Filter>
    </ClCompile>
    <ClCompile Include="Controls\Ribbon\ApplicationMenu.cpp">
      <Filter>Source Files</Filter>
    </ClCompile>
    <ClCompile Include="Controls\Ribbon\QuickAccessToolbar.cpp">
      <Filter>Source Files</Filter>
    </ClCompile>
    <ClCompile Include="Controls\Ribbon\RibbonLayout.cpp">
      <Filter>Source Files</Filter>
    </ClCompile>
    <ClCompile Include="Controls\UndoListControl.cpp">
      <Filter>Source Files</Filter>
    </ClCompile>
    <ClCompile Include="GeneratedFiles\Debug\moc_UndoListControl.cpp">
      <Filter>Generated Files\Debug</Filter>
    </ClCompile>
    <ClCompile Include="GeneratedFiles\Release\moc_UndoListControl.cpp">
      <Filter>Generated Files\Release</Filter>
    </ClCompile>
    <ClCompile Include="Panels\PropertyPanel.cpp">
      <Filter>Source Files</Filter>
    </ClCompile>
    <ClCompile Include="GeneratedFiles\Debug\moc_PropertyPanel.cpp">
      <Filter>Generated Files\Debug</Filter>
    </ClCompile>
    <ClCompile Include="GeneratedFiles\Release\moc_PropertyPanel.cpp">
      <Filter>Generated Files\Release</Filter>
    </ClCompile>
    <ClCompile Include="Panels\ResourcePanel.cpp">
      <Filter>Source Files</Filter>
    </ClCompile>
  </ItemGroup>
  <ItemGroup>
    <CustomBuild Include="UrhoEditor.h">
      <Filter>Header Files</Filter>
    </CustomBuild>
    <CustomBuild Include="UrhoEditor.qrc">
      <Filter>Resource Files</Filter>
    </CustomBuild>
    <CustomBuild Include="Views\RenderWidget.h">
      <Filter>Header Files</Filter>
    </CustomBuild>
    <CustomBuild Include="Views\ViewManager.h">
      <Filter>Header Files</Filter>
    </CustomBuild>
    <CustomBuild Include="Localization\LocalizedWidgets.h">
      <Filter>Header Files</Filter>
    </CustomBuild>
    <CustomBuild Include="GuiBuilder\Ribbons\RibbonDocumentPage.h">
      <Filter>Header Files</Filter>
    </CustomBuild>
    <CustomBuild Include="GuiBuilder\Ribbons\RibbonNoDocumentPage.h">
      <Filter>Header Files</Filter>
    </CustomBuild>
    <CustomBuild Include="GuiBuilder\BaseApplicationMenu.h">
      <Filter>Header Files</Filter>
    </CustomBuild>
    <CustomBuild Include="GuiBuilder\GuiBuilder.h">
      <Filter>Header Files</Filter>
    </CustomBuild>
    <CustomBuild Include="Documents\Urho\Controls\UrhoBaseTypeEditor.h">
      <Filter>Header Files</Filter>
    </CustomBuild>
    <CustomBuild Include="Documents\Urho\Controls\UrhoCollectionEditor.h">
      <Filter>Header Files</Filter>
    </CustomBuild>
    <CustomBuild Include="Documents\Urho\Controls\UrhoColorEditors.h">
      <Filter>Header Files</Filter>
    </CustomBuild>
    <CustomBuild Include="Documents\Urho\Controls\UrhoMatrixEditors.h">
      <Filter>Header Files</Filter>
    </CustomBuild>
    <CustomBuild Include="Documents\Urho\Controls\UrhoObjectTree.h">
      <Filter>Header Files</Filter>
    </CustomBuild>
    <CustomBuild Include="Documents\Urho\Controls\UrhoPrimitiveEditors.h">
      <Filter>Header Files</Filter>
    </CustomBuild>
    <CustomBuild Include="Documents\Urho\Controls\UrhoResourceEditors.h">
      <Filter>Header Files</Filter>
    </CustomBuild>
    <CustomBuild Include="Documents\Urho\Controls\UrhoSpecialEditors.h">
      <Filter>Header Files</Filter>
    </CustomBuild>
    <CustomBuild Include="Documents\Urho\Controls\UrhoVectorEditors.h">
      <Filter>Header Files</Filter>
    </CustomBuild>
    <CustomBuild Include="Documents\Urho\Dialogs\LightmapGenerationDlg.h">
      <Filter>Header Files</Filter>
    </CustomBuild>
    <CustomBuild Include="Dialogs\PathFixupDialog.h">
      <Filter>Header Files</Filter>
    </CustomBuild>
    <CustomBuild Include="Controls\Properties\BasePropertyEditor.h">
      <Filter>Header Files</Filter>
    </CustomBuild>
    <CustomBuild Include="Controls\Properties\ColorPropertyEditors.h">
      <Filter>Header Files</Filter>
    </CustomBuild>
    <CustomBuild Include="Controls\Properties\VectorPropertyEditors.h">
      <Filter>Header Files</Filter>
    </CustomBuild>
    <CustomBuild Include="Controls\UndoListControl.h">
      <Filter>Header Files</Filter>
    </CustomBuild>
    <CustomBuild Include="Panels\PropertyPanel.h">
      <Filter>Header Files</Filter>
    </CustomBuild>
  </ItemGroup>
  <ItemGroup>
    <ClInclude Include="GlobalAccess.h">
      <Filter>Header Files</Filter>
    </ClInclude>
    <ClInclude Include="InternalNames.h">
      <Filter>Header Files</Filter>
    </ClInclude>
    <ClInclude Include="QtHelpers.h">
      <Filter>Header Files</Filter>
    </ClInclude>
    <ClInclude Include="SprueApplication.h">
      <Filter>Header Files</Filter>
    </ClInclude>
    <ClInclude Include="UrhoHelpers.h">
      <Filter>Header Files</Filter>
    </ClInclude>
    <ClInclude Include="Views\Controllers\ControlPointPickerController.h">
      <Filter>Header Files</Filter>
    </ClInclude>
    <ClInclude Include="Views\Controllers\FlyController.h">
      <Filter>Header Files</Filter>
    </ClInclude>
    <ClInclude Include="Views\Controllers\GizmoController.h">
      <Filter>Header Files</Filter>
    </ClInclude>
    <ClInclude Include="Views\Controllers\OrbitController.h">
      <Filter>Header Files</Filter>
    </ClInclude>
    <ClInclude Include="Views\Controllers\PanZoomController.h">
      <Filter>Header Files</Filter>
    </ClInclude>
    <ClInclude Include="Views\Controllers\UrhoRaySelectController.h">
      <Filter>Header Files</Filter>
    </ClInclude>
    <ClInclude Include="Views\Controllers\UVEditController.h">
      <Filter>Header Files</Filter>
    </ClInclude>
    <ClInclude Include="Views\Urho\UrhoGizmo.h">
      <Filter>Header Files</Filter>
    </ClInclude>
    <ClInclude Include="Views\Gizmo.h">
      <Filter>Header Files</Filter>
    </ClInclude>
    <ClInclude Include="Views\InputRecorder.h">
      <Filter>Header Files</Filter>
    </ClInclude>
    <ClInclude Include="Views\MultiGizmo.h">
      <Filter>Header Files</Filter>
    </ClInclude>
    <ClInclude Include="Views\MultiViewController.h">
      <Filter>Header Files</Filter>
    </ClInclude>
    <ClInclude Include="Views\ofxManipulator.h">
      <Filter>Header Files</Filter>
    </ClInclude>
    <ClInclude Include="Views\OrthographicView.h">
      <Filter>Header Files</Filter>
    </ClInclude>
    <ClInclude Include="Views\PerspectiveView.h">
      <Filter>Header Files</Filter>
    </ClInclude>
    <ClInclude Include="Views\ViewAnimation.h">
      <Filter>Header Files</Filter>
    </ClInclude>
    <ClInclude Include="Views\ViewBase.h">
      <Filter>Header Files</Filter>
    </ClInclude>
    <ClInclude Include="Views\ViewController.h">
      <Filter>Header Files</Filter>
    </ClInclude>
    <ClInclude Include="Views\ViewUtility.h">
      <Filter>Header Files</Filter>
    </ClInclude>
    <ClInclude Include="GuiBuilder\AppMenuPages\MainAppPages.h">
      <Filter>Header Files</Filter>
    </ClInclude>
    <ClInclude Include="GuiBuilder\Docks\SharedDockBuilder.h">
      <Filter>Header Files</Filter>
    </ClInclude>
    <ClInclude Include="GuiBuilder\Menus\Urho\UrhoMainMenus.h">
      <Filter>Header Files</Filter>
    </ClInclude>
    <ClInclude Include="GuiBuilder\Menus\Urho\UrhoSelectionModeMenu.h">
      <Filter>Header Files</Filter>
    </ClInclude>
    <ClInclude Include="GuiBuilder\Menus\Urho\UrhoSpecialActionMenu.h">
      <Filter>Header Files</Filter>
    </ClInclude>
    <ClInclude Include="GuiBuilder\Menus\CoreMenuBuilder.h">
      <Filter>Header Files</Filter>
    </ClInclude>
    <ClInclude Include="GuiBuilder\Menus\EditMenuBuilder.h">
      <Filter>Header Files</Filter>
    </ClInclude>
    <ClInclude Include="GuiBuilder\Menus\LayoutMenuBuilder.h">
      <Filter>Header Files</Filter>
    </ClInclude>
    <ClInclude Include="GuiBuilder\Menus\ViewMenuBuilder.h">
      <Filter>Header Files</Filter>
    </ClInclude>
    <ClInclude Include="GuiBuilder\Menus\ViewportMenuBuilder.h">
      <Filter>Header Files</Filter>
    </ClInclude>
    <ClInclude Include="GuiBuilder\Ribbons\CoreGUIRibbonBuilder.h">
      <Filter>Header Files</Filter>
    </ClInclude>
    <ClInclude Include="GuiBuilder\DataSourceAction.h">
      <Filter>Header Files</Filter>
    </ClInclude>
    <ClInclude Include="GuiBuilder\DocumentSearchResult.h">
      <Filter>Header Files</Filter>
    </ClInclude>
    <ClInclude Include="GuiBuilder\UrhoSceneDocument.h">
      <Filter>Header Files</Filter>
    </ClInclude>
    <ClInclude Include="Documents\Urho\Controls\AllUrhoTypeEditors.h">
      <Filter>Header Files</Filter>
    </ClInclude>
    <ClInclude Include="Documents\Urho\Controls\UrhoNodeFieldEditors.h">
      <Filter>Header Files</Filter>
    </ClInclude>
    <ClInclude Include="Documents\Urho\Controls\UrhoObjectSpawner.h">
      <Filter>Header Files</Filter>
    </ClInclude>
    <ClInclude Include="Documents\Urho\Controls\UrhoPropertyPage.h">
      <Filter>Header Files</Filter>
    </ClInclude>
    <ClInclude Include="Documents\Urho\Controls\UrhoSelectionMask.h">
      <Filter>Header Files</Filter>
    </ClInclude>
    <ClInclude Include="Documents\Urho\Dialogs\UrhoCubemapRenderDlg.h">
      <Filter>Header Files</Filter>
    </ClInclude>
    <ClInclude Include="Documents\Urho\Dialogs\UrhoExportDlg.h">
      <Filter>Header Files</Filter>
    </ClInclude>
    <ClInclude Include="Documents\Urho\Dialogs\UrhoScriptDlg.h">
      <Filter>Header Files</Filter>
    </ClInclude>
    <ClInclude Include="Documents\Urho\BaseUrhoDocument.h">
      <Filter>Header Files</Filter>
    </ClInclude>
    <ClInclude Include="Documents\Urho\UrhoCreateRibbonBuilder.h">
      <Filter>Header Files</Filter>
    </ClInclude>
    <ClInclude Include="Documents\Urho\UrhoDockBuilder.h">
      <Filter>Header Files</Filter>
    </ClInclude>
    <ClInclude Include="Documents\Urho\UrhoHomeRibbonBuilder.h">
      <Filter>Header Files</Filter>
    </ClInclude>
    <ClInclude Include="Documents\Urho\UrhoMaterialDocument.h">
      <Filter>Header Files</Filter>
    </ClInclude>
    <ClInclude Include="Documents\Urho\UrhoParticleEffectDocument.h">
      <Filter>Header Files</Filter>
    </ClInclude>
    <ClInclude Include="Documents\Urho\UrhoSceneDocument.h">
      <Filter>Header Files</Filter>
    </ClInclude>
    <ClInclude Include="Documents\Urho\UrhoSceneView.h">
      <Filter>Header Files</Filter>
    </ClInclude>
    <ClInclude Include="Dialogs\SaveImageDialog.h">
      <Filter>Header Files</Filter>
    </ClInclude>
    <ClInclude Include="Data\UrhoDataSources.h">
      <Filter>Header Files</Filter>
    </ClInclude>
    <ClInclude Include="Applications\UrhoEditorApplication.h">
      <Filter>Header Files</Filter>
    </ClInclude>
    <ClInclude Include="Commands\Urho\UrhoPropertyCmd.h">
      <Filter>Header Files</Filter>
    </ClInclude>
    <ClInclude Include="Commands\Urho\UrhoSceneCmds.h">
      <Filter>Header Files</Filter>
    </ClInclude>
    <ClInclude Include="Commands\CommandID.h">
      <Filter>Header Files</Filter>
    </ClInclude>
    <ClInclude Include="Controls\Properties\Urho\UrhoPropertyHandlerImpl.h">
      <Filter>Header Files</Filter>
    </ClInclude>
    <ClInclude Include="Controls\Properties\PropertyEditorHandler.h">
      <Filter>Header Files</Filter>
    </ClInclude>
    <ClInclude Include="Controls\Properties\PropertyEnumerator.h">
      <Filter>Header Files</Filter>
    </ClInclude>
    <ClInclude Include="Controls\Properties\PropertyPageV2.h">
      <Filter>Header Files</Filter>
    </ClInclude>
    <ClInclude Include="Controls\Ribbon\ApplicationMenu.h">
      <Filter>Header Files</Filter>
    </ClInclude>
    <ClInclude Include="Controls\Ribbon\FrameControl.h">
      <Filter>Header Files</Filter>
    </ClInclude>
    <ClInclude Include="Controls\Ribbon\QuickAccessToolbar.h">
      <Filter>Header Files</Filter>
    </ClInclude>
    <ClInclude Include="Controls\Ribbon\RibbonLayout.h">
      <Filter>Header Files</Filter>
    </ClInclude>
    <ClInclude Include="Panels\ResourcePanel.h">
      <Filter>Header Files</Filter>
    </ClInclude>
    <ClInclude Include="Controls\BasePropertyPage.h">
      <Filter>Header Files</Filter>
    </ClInclude>
    <ClInclude Include="Styling.h">
      <Filter>Header Files</Filter>
    </ClInclude>
  </ItemGroup>
  <ItemGroup>
    <None Include="style.qss" />
  </ItemGroup>
</Project>